
Microsoft Visual Studio Solution File, Format Version 12.00
# Visual Studio 2012
Project("{FAE04EC0-301F-11D3-BF4B-00C04F79EFBC}") = "Lifetime", "Lifetime\Lifetime.csproj", "{C5F0A258-0AA4-4644-AD4B-134811518025}"
EndProject
Project("{FAE04EC0-301F-11D3-BF4B-00C04F79EFBC}") = "LifetimeTest", "LifetimeTest\LifetimeTest.csproj", "{B448C282-D446-4624-9A42-7B2CCFA517EB}"
EndProject
Project("{FAE04EC0-301F-11D3-BF4B-00C04F79EFBC}") = "LifetimeExampleSimple", "LifetimeExampleSimple\LifetimeExampleSimple.csproj", "{9DB14478-561D-4B6F-8919-F5E9D26B4978}"
EndProject
Project("{FAE04EC0-301F-11D3-BF4B-00C04F79EFBC}") = "LifetimeExampleGame", "LifetimeExampleGame\LifetimeExampleGame.csproj", "{669BABBC-C9D1-4726-8F0C-1F979C15F5CD}"
EndProject
Project("{FAE04EC0-301F-11D3-BF4B-00C04F79EFBC}") = "LifetimeExampleGameTest", "LifetimeExampleGameTest\LifetimeExampleGameTest.csproj", "{B3E0CBA9-00D1-4372-BDFE-A6D81531BEB0}"
EndProject
Project("{FAE04EC0-301F-11D3-BF4B-00C04F79EFBC}") = "PerishableCollection", "PerishableCollection\PerishableCollection.csproj", "{7541343D-44B8-49E3-8C2A-0F2618A3B11E}"
EndProject
Global
	GlobalSection(SolutionConfigurationPlatforms) = preSolution
		Debug|Any CPU = Debug|Any CPU
		Release|Any CPU = Release|Any CPU
	EndGlobalSection
	GlobalSection(ProjectConfigurationPlatforms) = postSolution
		{C5F0A258-0AA4-4644-AD4B-134811518025}.Debug|Any CPU.ActiveCfg = Debug|Any CPU
		{C5F0A258-0AA4-4644-AD4B-134811518025}.Debug|Any CPU.Build.0 = Debug|Any CPU
		{C5F0A258-0AA4-4644-AD4B-134811518025}.Release|Any CPU.ActiveCfg = Release|Any CPU
		{C5F0A258-0AA4-4644-AD4B-134811518025}.Release|Any CPU.Build.0 = Release|Any CPU
		{B448C282-D446-4624-9A42-7B2CCFA517EB}.Debug|Any CPU.ActiveCfg = Debug|Any CPU
		{B448C282-D446-4624-9A42-7B2CCFA517EB}.Debug|Any CPU.Build.0 = Debug|Any CPU
		{B448C282-D446-4624-9A42-7B2CCFA517EB}.Release|Any CPU.ActiveCfg = Release|Any CPU
		{B448C282-D446-4624-9A42-7B2CCFA517EB}.Release|Any CPU.Build.0 = Release|Any CPU
		{9DB14478-561D-4B6F-8919-F5E9D26B4978}.Debug|Any CPU.ActiveCfg = Debug|Any CPU
		{9DB14478-561D-4B6F-8919-F5E9D26B4978}.Debug|Any CPU.Build.0 = Debug|Any CPU
		{9DB14478-561D-4B6F-8919-F5E9D26B4978}.Release|Any CPU.ActiveCfg = Release|Any CPU
		{9DB14478-561D-4B6F-8919-F5E9D26B4978}.Release|Any CPU.Build.0 = Release|Any CPU
		{669BABBC-C9D1-4726-8F0C-1F979C15F5CD}.Debug|Any CPU.ActiveCfg = Debug|Any CPU
		{669BABBC-C9D1-4726-8F0C-1F979C15F5CD}.Debug|Any CPU.Build.0 = Debug|Any CPU
		{669BABBC-C9D1-4726-8F0C-1F979C15F5CD}.Release|Any CPU.ActiveCfg = Release|Any CPU
		{669BABBC-C9D1-4726-8F0C-1F979C15F5CD}.Release|Any CPU.Build.0 = Release|Any CPU
		{B3E0CBA9-00D1-4372-BDFE-A6D81531BEB0}.Debug|Any CPU.ActiveCfg = Debug|Any CPU
		{B3E0CBA9-00D1-4372-BDFE-A6D81531BEB0}.Debug|Any CPU.Build.0 = Debug|Any CPU
		{B3E0CBA9-00D1-4372-BDFE-A6D81531BEB0}.Release|Any CPU.ActiveCfg = Release|Any CPU
		{B3E0CBA9-00D1-4372-BDFE-A6D81531BEB0}.Release|Any CPU.Build.0 = Release|Any CPU
		{7541343D-44B8-49E3-8C2A-0F2618A3B11E}.Debug|Any CPU.ActiveCfg = Debug|Any CPU
		{7541343D-44B8-49E3-8C2A-0F2618A3B11E}.Debug|Any CPU.Build.0 = Debug|Any CPU
		{7541343D-44B8-49E3-8C2A-0F2618A3B11E}.Release|Any CPU.ActiveCfg = Release|Any CPU
		{7541343D-44B8-49E3-8C2A-0F2618A3B11E}.Release|Any CPU.Build.0 = Release|Any CPU
	EndGlobalSection
	GlobalSection(SolutionProperties) = preSolution
		HideSolutionNode = FALSE
	EndGlobalSection
EndGlobal
